
Microsoft Visual Studio Solution File, Format Version 12.00
# Visual Studio Version 16
VisualStudioVersion = 25.0.1703.4
MinimumVisualStudioVersion = 10.0.40219.1
Project("{FAE04EC0-301F-11D3-BF4B-00C04F79EFBC}") = "PrimeOrComplex", "PrimeOrComplex\PrimeOrComplex.csproj", "{FD104C15-A87B-460F-B216-D3E8ADAC1DB0}"
EndProject
Global
	GlobalSection(SolutionConfigurationPlatforms) = preSolution
		Debug|Any CPU = Debug|Any CPU
		Release|Any CPU = Release|Any CPU
	EndGlobalSection
	GlobalSection(ProjectConfigurationPlatforms) = postSolution
		{FD104C15-A87B-460F-B216-D3E8ADAC1DB0}.Debug|Any CPU.ActiveCfg = Debug|Any CPU
		{FD104C15-A87B-460F-B216-D3E8ADAC1DB0}.Debug|Any CPU.Build.0 = Debug|Any CPU
		{FD104C15-A87B-460F-B216-D3E8ADAC1DB0}.Release|Any CPU.ActiveCfg = Release|Any CPU
		{FD104C15-A87B-460F-B216-D3E8ADAC1DB0}.Release|Any CPU.Build.0 = Release|Any CPU
	EndGlobalSection
	GlobalSection(SolutionProperties) = preSolution
		HideSolutionNode = FALSE
	EndGlobalSection
	GlobalSection(ExtensibilityGlobals) = postSolution
		SolutionGuid = {A72533E5-7119-4FC8-89C9-A563169C6917}
	EndGlobalSection
EndGlobal
